{
  "version": 4,
  "terraform_version": "1.3.9",
  "serial": 57,
  "lineage": "6d752bbe-2e58-14e5-8338-e83808a46484",
  "outputs": {},
  "resources": [
    {
      "mode": "managed",
      "type": "grafana_contact_point",
      "name": "contact_point",
      "provider": "provider[\"registry.terraform.io/grafana/grafana\"]",
      "instances": [
        {
          "schema_version": 0,
          "attributes": {
            "alertmanager": [],
            "dingding": [],
            "discord": [],
            "email": [
              {
                "addresses": [
                  "varshabhat221@gmail.com"
                ],
                "disable_resolve_message": false,
                "message": "Take care of this.",
                "settings": null,
                "single_email": true,
                "subject": "HIGH ALERT",
                "uid": "FQSUIVbVk"
              }
            ],
            "googlechat": [],
            "id": "FQSUIVbVk",
            "kafka": [],
            "name": "Contact Point",
            "opsgenie": [],
            "pagerduty": [],
            "pushover": [],
            "sensugo": [],
            "slack": [],
            "teams": [],
            "telegram": [],
            "threema": [],
            "victorops": [],
            "webhook": [],
            "wecom": []
          },
          "sensitive_attributes": [],
          "private": "bnVsbA=="
        }
      ]
    },
    {
      "mode": "managed",
      "type": "grafana_data_source",
      "name": "testdata_datasource",
      "provider": "provider[\"registry.terraform.io/grafana/grafana\"]",
      "instances": [
        {
          "schema_version": 1,
          "attributes": {
            "access_mode": "proxy",
            "basic_auth_enabled": false,
            "basic_auth_password": null,
            "basic_auth_username": "",
            "database_name": "",
            "http_headers": {},
            "id": "3",
            "is_default": false,
            "json_data": [],
            "json_data_encoded": null,
            "name": "TestData",
            "password": null,
            "secure_json_data": [],
            "secure_json_data_encoded": null,
            "type": "testdata",
            "uid": "-roFwmbVk",
            "url": "",
            "username": ""
          },
          "sensitive_attributes": [],
          "private": "eyJzY2hlbWFfdmVyc2lvbiI6IjEifQ=="
        }
      ]
    },
    {
      "mode": "managed",
      "type": "grafana_folder",
      "name": "rule_folder",
      "provider": "provider[\"registry.terraform.io/grafana/grafana\"]",
      "instances": [
        {
          "schema_version": 0,
          "attributes": {
            "id": "5",
            "title": "My Rule Folder",
            "uid": "_JI8SVb4k",
            "url": "http://localhost:8080/dashboards/f/_JI8SVb4k/my-rule-folder"
          },
          "sensitive_attributes": [],
          "private": "bnVsbA=="
        }
      ]
    },
    {
      "mode": "managed",
      "type": "grafana_message_template",
      "name": "my_template",
      "provider": "provider[\"registry.terraform.io/grafana/grafana\"]",
      "instances": [
        {
          "schema_version": 0,
          "attributes": {
            "id": "Message Template",
            "name": "Message Template",
            "template": "{{define \"My Reusable Template\" }}\n template content\n{{ end }}"
          },
          "sensitive_attributes": [],
          "private": "bnVsbA=="
        }
      ]
    },
    {
      "mode": "managed",
      "type": "grafana_mute_timing",
      "name": "my_mute_timing",
      "provider": "provider[\"registry.terraform.io/grafana/grafana\"]",
      "instances": [
        {
          "schema_version": 0,
          "attributes": {
            "id": "Mute Timing",
            "intervals": [
              {
                "days_of_month": null,
                "months": [
                  "1:3"
                ],
                "times": [
                  {
                    "end": "13:30",
                    "start": "01:30"
                  }
                ],
                "weekdays": [
                  "saturday",
                  "sunday",
                  "tuesday:thursday"
                ],
                "years": [
                  "2023:2024"
                ]
              }
            ],
            "name": "Mute Timing"
          },
          "sensitive_attributes": [],
          "private": "bnVsbA=="
        }
      ]
    },
    {
      "mode": "managed",
      "type": "grafana_notification_policy",
      "name": "my_policy",
      "provider": "provider[\"registry.terraform.io/grafana/grafana\"]",
      "instances": [
        {
          "schema_version": 0,
          "attributes": {
            "contact_point": "Contact Point",
            "group_by": [
              "alertname"
            ],
            "group_interval": "6m",
            "group_wait": "45s",
            "id": "policy",
            "policy": [
              {
                "contact_point": "Contact Point",
                "continue": false,
                "group_by": [
                  "..."
                ],
                "group_interval": "",
                "group_wait": "",
                "matcher": [
                  {
                    "label": "alertname",
                    "match": "=",
                    "value": "demo1"
                  }
                ],
                "mute_timings": [
                  "Mute Timing"
                ],
                "policy": [],
                "repeat_interval": ""
              }
            ],
            "repeat_interval": "3h"
          },
          "sensitive_attributes": [],
          "private": "bnVsbA==",
          "dependencies": [
            "grafana_contact_point.contact_point",
            "grafana_mute_timing.my_mute_timing"
          ]
        }
      ]
    },
    {
      "mode": "managed",
      "type": "grafana_rule_group",
      "name": "my_rule_group",
      "provider": "provider[\"registry.terraform.io/grafana/grafana\"]",
      "instances": [
        {
          "schema_version": 0,
          "attributes": {
            "folder_uid": "_JI8SVb4k",
            "id": "_JI8SVb4k;My Alert Rules",
            "interval_seconds": 60,
            "name": "My Alert Rules",
            "org_id": 1,
            "rule": [
              {
                "annotations": null,
                "condition": "C",
                "data": [
                  {
                    "datasource_uid": "-roFwmbVk",
                    "model": "{\"intervalMs\":1000,\"maxDataPoints\":43200,\"refId\":\"A\"}",
                    "query_type": "",
                    "ref_id": "A",
                    "relative_time_range": [
                      {
                        "from": 600,
                        "to": 0
                      }
                    ]
                  },
                  {
                    "datasource_uid": "__expr__",
                    "model": "{\"conditions\":[{\"evaluator\":{\"params\":[0,0],\"type\":\"gt\"},\"operator\":{\"type\":\"and\"},\"query\":{\"params\":[\"A\"]},\"reducer\":{\"params\":[],\"type\":\"last\"},\"type\":\"avg\"}],\"datasource\":{\"name\":\"Expression\",\"type\":\"__expr__\",\"uid\":\"__expr__\"},\"expression\":\"A\",\"hide\":false,\"intervalMs\":1000,\"maxDataPoints\":43200,\"reducer\":\"last\",\"refId\":\"B\",\"type\":\"reduce\"}",
                    "query_type": "",
                    "ref_id": "B",
                    "relative_time_range": [
                      {
                        "from": 0,
                        "to": 0
                      }
                    ]
                  },
                  {
                    "datasource_uid": "__expr__",
                    "model": "{\"expression\":\"$B \\u003e 70\",\"intervalMs\":1000,\"maxDataPoints\":43200,\"refId\":\"C\",\"type\":\"math\"}",
                    "query_type": "",
                    "ref_id": "C",
                    "relative_time_range": [
                      {
                        "from": 0,
                        "to": 0
                      }
                    ]
                  }
                ],
                "exec_err_state": "Alerting",
                "for": "0s",
                "labels": null,
                "name": "My Random Walk Alert",
                "no_data_state": "NoData",
                "uid": "E8S8SVb4k"
              }
            ]
          },
          "sensitive_attributes": [],
          "private": "bnVsbA==",
          "dependencies": [
            "grafana_data_source.testdata_datasource",
            "grafana_folder.rule_folder"
          ]
        }
      ]
    }
  ],
  "check_results": null
}
